
Microsoft Visual Studio Solution File, Format Version 12.00
# Visual Studio Version 17
VisualStudioVersion = 17.5.002.0
MinimumVisualStudioVersion = 10.0.40219.1
Project("{2150E333-8FDC-42A3-9474-1A3956D46DE8}") = "csharp-prep", "csharp-prep", "{835CCDA4-B60F-4B53-96F0-3FCF47EC749A}"
EndProject
Project("{9A19103F-16F7-4668-BE54-9A1E7A4F7556}") = "Prep1", "csharp-prep\Prep1\Prep1.csproj", "{83C64F8C-D610-4B14-9B80-630AC979F055}"
EndProject
Project("{9A19103F-16F7-4668-BE54-9A1E7A4F7556}") = "Prep2", "csharp-prep\Prep2\Prep2.csproj", "{8DDC3EE9-6607-4E22-A327-B14842108701}"
EndProject
Project("{9A19103F-16F7-4668-BE54-9A1E7A4F7556}") = "Prep3", "csharp-prep\Prep3\Prep3.csproj", "{34009817-B59C-4A0C-8490-0DF4C7F328E6}"
EndProject
Project("{9A19103F-16F7-4668-BE54-9A1E7A4F7556}") = "Prep4", "csharp-prep\Prep4\Prep4.csproj", "{DCEDF950-7F3D-4163-AC28-B0489D1EF5B4}"
EndProject
Project("{9A19103F-16F7-4668-BE54-9A1E7A4F7556}") = "Prep5", "csharp-prep\Prep5\Prep5.csproj", "{4DDEAB17-5552-43C4-B40F-12B722429401}"
EndProject
Project("{2150E333-8FDC-42A3-9474-1A3956D46DE8}") = "final", "final", "{D15381F7-D707-46BA-904D-9BC5B5B39D67}"
EndProject
Project("{9A19103F-16F7-4668-BE54-9A1E7A4F7556}") = "FinalProject", "final\FinalProject\FinalProject.csproj", "{AA23F72E-00C6-4064-BC20-21174B2FF935}"
EndProject
Project("{9A19103F-16F7-4668-BE54-9A1E7A4F7556}") = "Foundation1", "final\Foundation1\Foundation1.csproj", "{D40DF34C-1E52-4663-AE09-8E8E3C64D9B7}"
EndProject
Project("{9A19103F-16F7-4668-BE54-9A1E7A4F7556}") = "Foundation2", "final\Foundation2\Foundation2.csproj", "{FC20351D-0A16-4936-9804-E0DDCA733F79}"
EndProject
Project("{9A19103F-16F7-4668-BE54-9A1E7A4F7556}") = "Foundation3", "final\Foundation3\Foundation3.csproj", "{44EC28E6-7021-4386-824A-C5C237EAF148}"
EndProject
Project("{9A19103F-16F7-4668-BE54-9A1E7A4F7556}") = "Foundation4", "final\Foundation4\Foundation4.csproj", "{AC66BFD4-D562-4B28-A01D-197E33E8F49E}"
EndProject
Project("{2150E333-8FDC-42A3-9474-1A3956D46DE8}") = "prepare", "prepare", "{B4DF3B71-BADD-49F9-BA66-9B1AAFF64CCA}"
EndProject
Project("{9A19103F-16F7-4668-BE54-9A1E7A4F7556}") = "Learning02", "prepare\Learning02\Learning02.csproj", "{2F43B5AE-F055-487D-B5ED-54BD357F9ACA}"
EndProject
Project("{9A19103F-16F7-4668-BE54-9A1E7A4F7556}") = "Learning03", "prepare\Learning03\Learning03.csproj", "{066FD6A9-D62F-42D2-AB04-8DE461D11957}"
EndProject
Project("{9A19103F-16F7-4668-BE54-9A1E7A4F7556}") = "Learning04", "prepare\Learning04\Learning04.csproj", "{C45D2B1B-F200-4539-91AB-22F62129AD5A}"
EndProject
Project("{9A19103F-16F7-4668-BE54-9A1E7A4F7556}") = "Learning05", "prepare\Learning05\Learning05.csproj", "{4F9D25F3-522C-4537-83FC-2CCA979BFF65}"
EndProject
Project("{2150E333-8FDC-42A3-9474-1A3956D46DE8}") = "prove", "prove", "{71C5D2B4-D166-4B32-A4CB-E07380602F9A}"
EndProject
Project("{9A19103F-16F7-4668-BE54-9A1E7A4F7556}") = "Develop02", "prove\Develop02\Develop02.csproj", "{71E46FB4-233F-48BF-80DD-AD4F3393E5A7}"
EndProject
Project("{9A19103F-16F7-4668-BE54-9A1E7A4F7556}") = "Develop03", "prove\Develop03\Develop03.csproj", "{EC80EC34-5533-411C-9F36-815E61D78E02}"
EndProject
Project("{9A19103F-16F7-4668-BE54-9A1E7A4F7556}") = "Develop04", "prove\Develop04\Develop04.csproj", "{6A855F1E-6B62-43E4-8873-314A4BBD47BA}"
EndProject
Project("{9A19103F-16F7-4668-BE54-9A1E7A4F7556}") = "Develop05", "prove\Develop05\Develop05.csproj", "{81597CC8-0EBA-427E-82BE-E729C32A9E56}"
EndProject
Project("{2150E333-8FDC-42A3-9474-1A3956D46DE8}") = "sandbox", "sandbox", "{C76AB57D-61C9-4F05-B01E-079FD3CC310B}"
EndProject
Project("{9A19103F-16F7-4668-BE54-9A1E7A4F7556}") = "Sandbox", "sandbox\Sandbox\Sandbox.csproj", "{1B03A10A-9D2C-4B37-9B4E-467016C98A77}"
EndProject
Global
	GlobalSection(SolutionConfigurationPlatforms) = preSolution
		Debug|Any CPU = Debug|Any CPU
		Release|Any CPU = Release|Any CPU
	EndGlobalSection
	GlobalSection(ProjectConfigurationPlatforms) = postSolution
		{83C64F8C-D610-4B14-9B80-630AC979F055}.Debug|Any CPU.ActiveCfg = Debug|Any CPU
		{83C64F8C-D610-4B14-9B80-630AC979F055}.Debug|Any CPU.Build.0 = Debug|Any CPU
		{83C64F8C-D610-4B14-9B80-630AC979F055}.Release|Any CPU.ActiveCfg = Release|Any CPU
		{83C64F8C-D610-4B14-9B80-630AC979F055}.Release|Any CPU.Build.0 = Release|Any CPU
		{8DDC3EE9-6607-4E22-A327-B14842108701}.Debug|Any CPU.ActiveCfg = Debug|Any CPU
		{8DDC3EE9-6607-4E22-A327-B14842108701}.Debug|Any CPU.Build.0 = Debug|Any CPU
		{8DDC3EE9-6607-4E22-A327-B14842108701}.Release|Any CPU.ActiveCfg = Release|Any CPU
		{8DDC3EE9-6607-4E22-A327-B14842108701}.Release|Any CPU.Build.0 = Release|Any CPU
		{34009817-B59C-4A0C-8490-0DF4C7F328E6}.Debug|Any CPU.ActiveCfg = Debug|Any CPU
		{34009817-B59C-4A0C-8490-0DF4C7F328E6}.Debug|Any CPU.Build.0 = Debug|Any CPU
		{34009817-B59C-4A0C-8490-0DF4C7F328E6}.Release|Any CPU.ActiveCfg = Release|Any CPU
		{34009817-B59C-4A0C-8490-0DF4C7F328E6}.Release|Any CPU.Build.0 = Release|Any CPU
		{DCEDF950-7F3D-4163-AC28-B0489D1EF5B4}.Debug|Any CPU.ActiveCfg = Debug|Any CPU
		{DCEDF950-7F3D-4163-AC28-B0489D1EF5B4}.Debug|Any CPU.Build.0 = Debug|Any CPU
		{DCEDF950-7F3D-4163-AC28-B0489D1EF5B4}.Release|Any CPU.ActiveCfg = Release|Any CPU
		{DCEDF950-7F3D-4163-AC28-B0489D1EF5B4}.Release|Any CPU.Build.0 = Release|Any CPU
		{4DDEAB17-5552-43C4-B40F-12B722429401}.Debug|Any CPU.ActiveCfg = Debug|Any CPU
		{4DDEAB17-5552-43C4-B40F-12B722429401}.Debug|Any CPU.Build.0 = Debug|Any CPU
		{4DDEAB17-5552-43C4-B40F-12B722429401}.Release|Any CPU.ActiveCfg = Release|Any CPU
		{4DDEAB17-5552-43C4-B40F-12B722429401}.Release|Any CPU.Build.0 = Release|Any CPU
		{AA23F72E-00C6-4064-BC20-21174B2FF935}.Debug|Any CPU.ActiveCfg = Debug|Any CPU
		{AA23F72E-00C6-4064-BC20-21174B2FF935}.Debug|Any CPU.Build.0 = Debug|Any CPU
		{AA23F72E-00C6-4064-BC20-21174B2FF935}.Release|Any CPU.ActiveCfg = Release|Any CPU
		{AA23F72E-00C6-4064-BC20-21174B2FF935}.Release|Any CPU.Build.0 = Release|Any CPU
		{D40DF34C-1E52-4663-AE09-8E8E3C64D9B7}.Debug|Any CPU.ActiveCfg = Debug|Any CPU
		{D40DF34C-1E52-4663-AE09-8E8E3C64D9B7}.Debug|Any CPU.Build.0 = Debug|Any CPU
		{D40DF34C-1E52-4663-AE09-8E8E3C64D9B7}.Release|Any CPU.ActiveCfg = Release|Any CPU
		{D40DF34C-1E52-4663-AE09-8E8E3C64D9B7}.Release|Any CPU.Build.0 = Release|Any CPU
		{FC20351D-0A16-4936-9804-E0DDCA733F79}.Debug|Any CPU.ActiveCfg = Debug|Any CPU
		{FC20351D-0A16-4936-9804-E0DDCA733F79}.Debug|Any CPU.Build.0 = Debug|Any CPU
		{FC20351D-0A16-4936-9804-E0DDCA733F79}.Release|Any CPU.ActiveCfg = Release|Any CPU
		{FC20351D-0A16-4936-9804-E0DDCA733F79}.Release|Any CPU.Build.0 = Release|Any CPU
		{44EC28E6-7021-4386-824A-C5C237EAF148}.Debug|Any CPU.ActiveCfg = Debug|Any CPU
		{44EC28E6-7021-4386-824A-C5C237EAF148}.Debug|Any CPU.Build.0 = Debug|Any CPU
		{44EC28E6-7021-4386-824A-C5C237EAF148}.Release|Any CPU.ActiveCfg = Release|Any CPU
		{44EC28E6-7021-4386-824A-C5C237EAF148}.Release|Any CPU.Build.0 = Release|Any CPU
		{AC66BFD4-D562-4B28-A01D-197E33E8F49E}.Debug|Any CPU.ActiveCfg = Debug|Any CPU
		{AC66BFD4-D562-4B28-A01D-197E33E8F49E}.Debug|Any CPU.Build.0 = Debug|Any CPU
		{AC66BFD4-D562-4B28-A01D-197E33E8F49E}.Release|Any CPU.ActiveCfg = Release|Any CPU
		{AC66BFD4-D562-4B28-A01D-197E33E8F49E}.Release|Any CPU.Build.0 = Release|Any CPU
		{2F43B5AE-F055-487D-B5ED-54BD357F9ACA}.Debug|Any CPU.ActiveCfg = Debug|Any CPU
		{2F43B5AE-F055-487D-B5ED-54BD357F9ACA}.Debug|Any CPU.Build.0 = Debug|Any CPU
		{2F43B5AE-F055-487D-B5ED-54BD357F9ACA}.Release|Any CPU.ActiveCfg = Release|Any CPU
		{2F43B5AE-F055-487D-B5ED-54BD357F9ACA}.Release|Any CPU.Build.0 = Release|Any CPU
		{066FD6A9-D62F-42D2-AB04-8DE461D11957}.Debug|Any CPU.ActiveCfg = Debug|Any CPU
		{066FD6A9-D62F-42D2-AB04-8DE461D11957}.Debug|Any CPU.Build.0 = Debug|Any CPU
		{066FD6A9-D62F-42D2-AB04-8DE461D11957}.Release|Any CPU.ActiveCfg = Release|Any CPU
		{066FD6A9-D62F-42D2-AB04-8DE461D11957}.Release|Any CPU.Build.0 = Release|Any CPU
		{C45D2B1B-F200-4539-91AB-22F62129AD5A}.Debug|Any CPU.ActiveCfg = Debug|Any CPU
		{C45D2B1B-F200-4539-91AB-22F62129AD5A}.Debug|Any CPU.Build.0 = Debug|Any CPU
		{C45D2B1B-F200-4539-91AB-22F62129AD5A}.Release|Any CPU.ActiveCfg = Release|Any CPU
		{C45D2B1B-F200-4539-91AB-22F62129AD5A}.Release|Any CPU.Build.0 = Release|Any CPU
		{4F9D25F3-522C-4537-83FC-2CCA979BFF65}.Debug|Any CPU.ActiveCfg = Debug|Any CPU
		{4F9D25F3-522C-4537-83FC-2CCA979BFF65}.Debug|Any CPU.Build.0 = Debug|Any CPU
		{4F9D25F3-522C-4537-83FC-2CCA979BFF65}.Release|Any CPU.ActiveCfg = Release|Any CPU
		{4F9D25F3-522C-4537-83FC-2CCA979BFF65}.Release|Any CPU.Build.0 = Release|Any CPU
		{71E46FB4-233F-48BF-80DD-AD4F3393E5A7}.Debug|Any CPU.ActiveCfg = Debug|Any CPU
		{71E46FB4-233F-48BF-80DD-AD4F3393E5A7}.Debug|Any CPU.Build.0 = Debug|Any CPU
		{71E46FB4-233F-48BF-80DD-AD4F3393E5A7}.Release|Any CPU.ActiveCfg = Release|Any CPU
		{71E46FB4-233F-48BF-80DD-AD4F3393E5A7}.Release|Any CPU.Build.0 = Release|Any CPU
		{EC80EC34-5533-411C-9F36-815E61D78E02}.Debug|Any CPU.ActiveCfg = Debug|Any CPU
		{EC80EC34-5533-411C-9F36-815E61D78E02}.Debug|Any CPU.Build.0 = Debug|Any CPU
		{EC80EC34-5533-411C-9F36-815E61D78E02}.Release|Any CPU.ActiveCfg = Release|Any CPU
		{EC80EC34-5533-411C-9F36-815E61D78E02}.Release|Any CPU.Build.0 = Release|Any CPU
		{6A855F1E-6B62-43E4-8873-314A4BBD47BA}.Debug|Any CPU.ActiveCfg = Debug|Any CPU
		{6A855F1E-6B62-43E4-8873-314A4BBD47BA}.Debug|Any CPU.Build.0 = Debug|Any CPU
		{6A855F1E-6B62-43E4-8873-314A4BBD47BA}.Release|Any CPU.ActiveCfg = Release|Any CPU
		{6A855F1E-6B62-43E4-8873-314A4BBD47BA}.Release|Any CPU.Build.0 = Release|Any CPU
		{81597CC8-0EBA-427E-82BE-E729C32A9E56}.Debug|Any CPU.ActiveCfg = Debug|Any CPU
		{81597CC8-0EBA-427E-82BE-E729C32A9E56}.Debug|Any CPU.Build.0 = Debug|Any CPU
		{81597CC8-0EBA-427E-82BE-E729C32A9E56}.Release|Any CPU.ActiveCfg = Release|Any CPU
		{81597CC8-0EBA-427E-82BE-E729C32A9E56}.Release|Any CPU.Build.0 = Release|Any CPU
		{1B03A10A-9D2C-4B37-9B4E-467016C98A77}.Debug|Any CPU.ActiveCfg = Debug|Any CPU
		{1B03A10A-9D2C-4B37-9B4E-467016C98A77}.Debug|Any CPU.Build.0 = Debug|Any CPU
		{1B03A10A-9D2C-4B37-9B4E-467016C98A77}.Release|Any CPU.ActiveCfg = Release|Any CPU
		{1B03A10A-9D2C-4B37-9B4E-467016C98A77}.Release|Any CPU.Build.0 = Release|Any CPU
	EndGlobalSection
	GlobalSection(SolutionProperties) = preSolution
		HideSolutionNode = FALSE
	EndGlobalSection
	GlobalSection(NestedProjects) = preSolution
		{83C64F8C-D610-4B14-9B80-630AC979F055} = {835CCDA4-B60F-4B53-96F0-3FCF47EC749A}
		{8DDC3EE9-6607-4E22-A327-B14842108701} = {835CCDA4-B60F-4B53-96F0-3FCF47EC749A}
		{34009817-B59C-4A0C-8490-0DF4C7F328E6} = {835CCDA4-B60F-4B53-96F0-3FCF47EC749A}
		{DCEDF950-7F3D-4163-AC28-B0489D1EF5B4} = {835CCDA4-B60F-4B53-96F0-3FCF47EC749A}
		{4DDEAB17-5552-43C4-B40F-12B722429401} = {835CCDA4-B60F-4B53-96F0-3FCF47EC749A}
		{AA23F72E-00C6-4064-BC20-21174B2FF935} = {D15381F7-D707-46BA-904D-9BC5B5B39D67}
		{D40DF34C-1E52-4663-AE09-8E8E3C64D9B7} = {D15381F7-D707-46BA-904D-9BC5B5B39D67}
		{FC20351D-0A16-4936-9804-E0DDCA733F79} = {D15381F7-D707-46BA-904D-9BC5B5B39D67}
		{44EC28E6-7021-4386-824A-C5C237EAF148} = {D15381F7-D707-46BA-904D-9BC5B5B39D67}
		{AC66BFD4-D562-4B28-A01D-197E33E8F49E} = {D15381F7-D707-46BA-904D-9BC5B5B39D67}
		{2F43B5AE-F055-487D-B5ED-54BD357F9ACA} = {B4DF3B71-BADD-49F9-BA66-9B1AAFF64CCA}
		{066FD6A9-D62F-42D2-AB04-8DE461D11957} = {B4DF3B71-BADD-49F9-BA66-9B1AAFF64CCA}
		{C45D2B1B-F200-4539-91AB-22F62129AD5A} = {B4DF3B71-BADD-49F9-BA66-9B1AAFF64CCA}
		{4F9D25F3-522C-4537-83FC-2CCA979BFF65} = {B4DF3B71-BADD-49F9-BA66-9B1AAFF64CCA}
		{71E46FB4-233F-48BF-80DD-AD4F3393E5A7} = {71C5D2B4-D166-4B32-A4CB-E07380602F9A}
		{EC80EC34-5533-411C-9F36-815E61D78E02} = {71C5D2B4-D166-4B32-A4CB-E07380602F9A}
		{6A855F1E-6B62-43E4-8873-314A4BBD47BA} = {71C5D2B4-D166-4B32-A4CB-E07380602F9A}
		{81597CC8-0EBA-427E-82BE-E729C32A9E56} = {71C5D2B4-D166-4B32-A4CB-E07380602F9A}
		{1B03A10A-9D2C-4B37-9B4E-467016C98A77} = {C76AB57D-61C9-4F05-B01E-079FD3CC310B}
	EndGlobalSection
	GlobalSection(ExtensibilityGlobals) = postSolution
		SolutionGuid = {96DB5435-EFC9-4E56-8466-A6241D24B4AF}
	EndGlobalSection
EndGlobal
